
Microsoft Visual Studio Solution File, Format Version 12.00
# Visual Studio Version 16
VisualStudioVersion = 16.0.31112.23
MinimumVisualStudioVersion = 10.0.40219.1
Project("{FAE04EC0-301F-11D3-BF4B-00C04F79EFBC}") = "GameProject.Business", "GameProject.Business\GameProject.Business.csproj", "{680F0FCF-3F21-45E4-84CF-50F7676678FC}"
EndProject
Project("{FAE04EC0-301F-11D3-BF4B-00C04F79EFBC}") = "GameProject.Entities", "GameProject.Entities\GameProject.Entities.csproj", "{B678542C-0839-4DE1-94B9-C0B6BE4F4598}"
EndProject
Project("{FAE04EC0-301F-11D3-BF4B-00C04F79EFBC}") = "GameProject.Core", "GameProject.Core\GameProject.Core.csproj", "{755B5481-2687-4C63-9F27-A4D6207CFA94}"
EndProject
Project("{FAE04EC0-301F-11D3-BF4B-00C04F79EFBC}") = "ConsoleApp", "ConsoleApp\ConsoleApp.csproj", "{E1BF2E9A-4C85-4F67-9791-0B936A443982}"
EndProject
Global
	GlobalSection(SolutionConfigurationPlatforms) = preSolution
		Debug|Any CPU = Debug|Any CPU
		Release|Any CPU = Release|Any CPU
	EndGlobalSection
	GlobalSection(ProjectConfigurationPlatforms) = postSolution
		{680F0FCF-3F21-45E4-84CF-50F7676678FC}.Debug|Any CPU.ActiveCfg = Debug|Any CPU
		{680F0FCF-3F21-45E4-84CF-50F7676678FC}.Debug|Any CPU.Build.0 = Debug|Any CPU
		{680F0FCF-3F21-45E4-84CF-50F7676678FC}.Release|Any CPU.ActiveCfg = Release|Any CPU
		{680F0FCF-3F21-45E4-84CF-50F7676678FC}.Release|Any CPU.Build.0 = Release|Any CPU
		{B678542C-0839-4DE1-94B9-C0B6BE4F4598}.Debug|Any CPU.ActiveCfg = Debug|Any CPU
		{B678542C-0839-4DE1-94B9-C0B6BE4F4598}.Debug|Any CPU.Build.0 = Debug|Any CPU
		{B678542C-0839-4DE1-94B9-C0B6BE4F4598}.Release|Any CPU.ActiveCfg = Release|Any CPU
		{B678542C-0839-4DE1-94B9-C0B6BE4F4598}.Release|Any CPU.Build.0 = Release|Any CPU
		{755B5481-2687-4C63-9F27-A4D6207CFA94}.Debug|Any CPU.ActiveCfg = Debug|Any CPU
		{755B5481-2687-4C63-9F27-A4D6207CFA94}.Debug|Any CPU.Build.0 = Debug|Any CPU
		{755B5481-2687-4C63-9F27-A4D6207CFA94}.Release|Any CPU.ActiveCfg = Release|Any CPU
		{755B5481-2687-4C63-9F27-A4D6207CFA94}.Release|Any CPU.Build.0 = Release|Any CPU
		{E1BF2E9A-4C85-4F67-9791-0B936A443982}.Debug|Any CPU.ActiveCfg = Debug|Any CPU
		{E1BF2E9A-4C85-4F67-9791-0B936A443982}.Debug|Any CPU.Build.0 = Debug|Any CPU
		{E1BF2E9A-4C85-4F67-9791-0B936A443982}.Release|Any CPU.ActiveCfg = Release|Any CPU
		{E1BF2E9A-4C85-4F67-9791-0B936A443982}.Release|Any CPU.Build.0 = Release|Any CPU
	EndGlobalSection
	GlobalSection(SolutionProperties) = preSolution
		HideSolutionNode = FALSE
	EndGlobalSection
	GlobalSection(ExtensibilityGlobals) = postSolution
		SolutionGuid = {D38E67AF-3C9D-4EE8-9274-BB500AEB449E}
	EndGlobalSection
EndGlobal
